
Microsoft Visual Studio Solution File, Format Version 12.00
# Visual Studio Version 17
VisualStudioVersion = 17.5.33627.172
MinimumVisualStudioVersion = 10.0.40219.1
Project("{8BC9CEB8-8B4A-11D0-8D11-00A0C91BC942}") = "6Nimmt", "6Nimmt\6Nimmt.vcxproj", "{B34B8601-AF08-4CBF-B275-B6399B3ADBFE}"
EndProject
Project("{8BC9CEB8-8B4A-11D0-8D11-00A0C91BC942}") = "6NimmtGame", "6NimmtGame\6NimmtGame.vcxproj", "{E75326B8-13CA-4CCF-AFAD-C6CD308E3933}"
EndProject
Project("{8BC9CEB8-8B4A-11D0-8D11-00A0C91BC942}") = "GameTest", "GameTest\GameTest.vcxproj", "{34705645-C6AC-43A3-98C8-4F6FC5A86343}"
EndProject
Global
	GlobalSection(SolutionConfigurationPlatforms) = preSolution
		Debug|x64 = Debug|x64
		Debug|x86 = Debug|x86
		Release|x64 = Release|x64
		Release|x86 = Release|x86
	EndGlobalSection
	GlobalSection(ProjectConfigurationPlatforms) = postSolution
		{B34B8601-AF08-4CBF-B275-B6399B3ADBFE}.Debug|x64.ActiveCfg = Debug|x64
		{B34B8601-AF08-4CBF-B275-B6399B3ADBFE}.Debug|x64.Build.0 = Debug|x64
		{B34B8601-AF08-4CBF-B275-B6399B3ADBFE}.Debug|x86.ActiveCfg = Debug|Win32
		{B34B8601-AF08-4CBF-B275-B6399B3ADBFE}.Debug|x86.Build.0 = Debug|Win32
		{B34B8601-AF08-4CBF-B275-B6399B3ADBFE}.Release|x64.ActiveCfg = Release|x64
		{B34B8601-AF08-4CBF-B275-B6399B3ADBFE}.Release|x64.Build.0 = Release|x64
		{B34B8601-AF08-4CBF-B275-B6399B3ADBFE}.Release|x86.ActiveCfg = Release|Win32
		{B34B8601-AF08-4CBF-B275-B6399B3ADBFE}.Release|x86.Build.0 = Release|Win32
		{E75326B8-13CA-4CCF-AFAD-C6CD308E3933}.Debug|x64.ActiveCfg = Debug|x64
		{E75326B8-13CA-4CCF-AFAD-C6CD308E3933}.Debug|x64.Build.0 = Debug|x64
		{E75326B8-13CA-4CCF-AFAD-C6CD308E3933}.Debug|x86.ActiveCfg = Debug|Win32
		{E75326B8-13CA-4CCF-AFAD-C6CD308E3933}.Debug|x86.Build.0 = Debug|Win32
		{E75326B8-13CA-4CCF-AFAD-C6CD308E3933}.Release|x64.ActiveCfg = Release|x64
		{E75326B8-13CA-4CCF-AFAD-C6CD308E3933}.Release|x64.Build.0 = Release|x64
		{E75326B8-13CA-4CCF-AFAD-C6CD308E3933}.Release|x86.ActiveCfg = Release|Win32
		{E75326B8-13CA-4CCF-AFAD-C6CD308E3933}.Release|x86.Build.0 = Release|Win32
		{34705645-C6AC-43A3-98C8-4F6FC5A86343}.Debug|x64.ActiveCfg = Debug|x64
		{34705645-C6AC-43A3-98C8-4F6FC5A86343}.Debug|x64.Build.0 = Debug|x64
		{34705645-C6AC-43A3-98C8-4F6FC5A86343}.Debug|x86.ActiveCfg = Debug|Win32
		{34705645-C6AC-43A3-98C8-4F6FC5A86343}.Debug|x86.Build.0 = Debug|Win32
		{34705645-C6AC-43A3-98C8-4F6FC5A86343}.Release|x64.ActiveCfg = Release|x64
		{34705645-C6AC-43A3-98C8-4F6FC5A86343}.Release|x64.Build.0 = Release|x64
		{34705645-C6AC-43A3-98C8-4F6FC5A86343}.Release|x86.ActiveCfg = Release|Win32
		{34705645-C6AC-43A3-98C8-4F6FC5A86343}.Release|x86.Build.0 = Release|Win32
	EndGlobalSection
	GlobalSection(SolutionProperties) = preSolution
		HideSolutionNode = FALSE
	EndGlobalSection
	GlobalSection(ExtensibilityGlobals) = postSolution
		SolutionGuid = {086AE057-C858-4F33-94E5-7445BB1702A1}
	EndGlobalSection
EndGlobal
